// !$*UTF8*$!
{
	archiveVersion = 1;
	classes = {
	};
	objectVersion = 56;
	objects = {

/* Begin PBXBuildFile section */
		B15092E22B36E5C3000EF461 /* AppDelegate.swift in Sources */ = {isa = PBXBuildFile; fileRef = B15092E12B36E5C3000EF461 /* AppDelegate.swift */; };
		B15092E62B36E5C3000EF461 /* SplashViewController.swift in Sources */ = {isa = PBXBuildFile; fileRef = B15092E52B36E5C3000EF461 /* SplashViewController.swift */; };
		B15092E92B36E5C3000EF461 /* Main.storyboard in Resources */ = {isa = PBXBuildFile; fileRef = B15092E72B36E5C3000EF461 /* Main.storyboard */; };
		B15092EB2B36E5C5000EF461 /* Assets.xcassets in Resources */ = {isa = PBXBuildFile; fileRef = B15092EA2B36E5C5000EF461 /* Assets.xcassets */; };
		B15092EE2B36E5C5000EF461 /* LaunchScreen.storyboard in Resources */ = {isa = PBXBuildFile; fileRef = B15092EC2B36E5C5000EF461 /* LaunchScreen.storyboard */; };
		B15092FA2B38B84E000EF461 /* LoginViewController.swift in Sources */ = {isa = PBXBuildFile; fileRef = B15092F92B38B84E000EF461 /* LoginViewController.swift */; };
		B1570D562B3AF5BB0041BAFC /* HomeViewController.swift in Sources */ = {isa = PBXBuildFile; fileRef = B1570D552B3AF5BB0041BAFC /* HomeViewController.swift */; };
		B1570D782B3B49AE0041BAFC /* PostTableViewCell.swift in Sources */ = {isa = PBXBuildFile; fileRef = B1570D762B3B49AE0041BAFC /* PostTableViewCell.swift */; };
		B1570D792B3B49AE0041BAFC /* PostTableViewCell.xib in Resources */ = {isa = PBXBuildFile; fileRef = B1570D772B3B49AE0041BAFC /* PostTableViewCell.xib */; };
		B1570D802B3D93000041BAFC /* Post.swift in Sources */ = {isa = PBXBuildFile; fileRef = B1570D7F2B3D93000041BAFC /* Post.swift */; };
		B1570D832B3DA1310041BAFC /* HomeViewModel.swift in Sources */ = {isa = PBXBuildFile; fileRef = B1570D822B3DA1310041BAFC /* HomeViewModel.swift */; };
		B1570D852B3DA20B0041BAFC /* posts.json in Resources */ = {isa = PBXBuildFile; fileRef = B1570D842B3DA20A0041BAFC /* posts.json */; };
		B1570D872B3EF4200041BAFC /* MediaView.swift in Sources */ = {isa = PBXBuildFile; fileRef = B1570D862B3EF4200041BAFC /* MediaView.swift */; };
		B1570D9B2B4038B90041BAFC /* StoryTableViewCell.swift in Sources */ = {isa = PBXBuildFile; fileRef = B1570D9A2B4038B90041BAFC /* StoryTableViewCell.swift */; };
		B1570D9D2B403ED70041BAFC /* StoryCollectionViewCell.swift in Sources */ = {isa = PBXBuildFile; fileRef = B1570D9C2B403ED70041BAFC /* StoryCollectionViewCell.swift */; };
		B1891F692B4C136600ADB367 /* stories.json in Resources */ = {isa = PBXBuildFile; fileRef = B1891F682B4C136600ADB367 /* stories.json */; };
		B1891F6B2B4C154500ADB367 /* Story.swift in Sources */ = {isa = PBXBuildFile; fileRef = B1891F6A2B4C154500ADB367 /* Story.swift */; };
/* End PBXBuildFile section */

/* Begin PBXFileReference section */
		B15092DE2B36E5C3000EF461 /* Instagram Clone.app */ = {isa = PBXFileReference; explicitFileType = wrapper.application; includeInIndex = 0; path = "Instagram Clone.app"; sourceTree = BUILT_PRODUCTS_DIR; };
		B15092E12B36E5C3000EF461 /* AppDelegate.swift */ = {isa = PBXFileReference; lastKnownFileType = sourcecode.swift; path = AppDelegate.swift; sourceTree = "<group>"; };
		B15092E52B36E5C3000EF461 /* SplashViewController.swift */ = {isa = PBXFileReference; lastKnownFileType = sourcecode.swift; path = SplashViewController.swift; sourceTree = "<group>"; };
		B15092E82B36E5C3000EF461 /* Base */ = {isa = PBXFileReference; lastKnownFileType = file.storyboard; name = Base; path = Base.lproj/Main.storyboard; sourceTree = "<group>"; };
		B15092EA2B36E5C5000EF461 /* Assets.xcassets */ = {isa = PBXFileReference; lastKnownFileType = folder.assetcatalog; path = Assets.xcassets; sourceTree = "<group>"; };
		B15092ED2B36E5C5000EF461 /* Base */ = {isa = PBXFileReference; lastKnownFileType = file.storyboard; name = Base; path = Base.lproj/LaunchScreen.storyboard; sourceTree = "<group>"; };
		B15092EF2B36E5C5000EF461 /* Info.plist */ = {isa = PBXFileReference; lastKnownFileType = text.plist.xml; path = Info.plist; sourceTree = "<group>"; };
		B15092F92B38B84E000EF461 /* LoginViewController.swift */ = {isa = PBXFileReference; lastKnownFileType = sourcecode.swift; path = LoginViewController.swift; sourceTree = "<group>"; };
		B1570D552B3AF5BB0041BAFC /* HomeViewController.swift */ = {isa = PBXFileReference; lastKnownFileType = sourcecode.swift; path = HomeViewController.swift; sourceTree = "<group>"; };
		B1570D762B3B49AE0041BAFC /* PostTableViewCell.swift */ = {isa = PBXFileReference; lastKnownFileType = sourcecode.swift; path = PostTableViewCell.swift; sourceTree = "<group>"; };
		B1570D772B3B49AE0041BAFC /* PostTableViewCell.xib */ = {isa = PBXFileReference; lastKnownFileType = file.xib; path = PostTableViewCell.xib; sourceTree = "<group>"; };
		B1570D7F2B3D93000041BAFC /* Post.swift */ = {isa = PBXFileReference; lastKnownFileType = sourcecode.swift; path = Post.swift; sourceTree = "<group>"; };
		B1570D822B3DA1310041BAFC /* HomeViewModel.swift */ = {isa = PBXFileReference; lastKnownFileType = sourcecode.swift; path = HomeViewModel.swift; sourceTree = "<group>"; };
		B1570D842B3DA20A0041BAFC /* posts.json */ = {isa = PBXFileReference; fileEncoding = 4; lastKnownFileType = text.json; path = posts.json; sourceTree = "<group>"; };
		B1570D862B3EF4200041BAFC /* MediaView.swift */ = {isa = PBXFileReference; lastKnownFileType = sourcecode.swift; path = MediaView.swift; sourceTree = "<group>"; };
		B1570D9A2B4038B90041BAFC /* StoryTableViewCell.swift */ = {isa = PBXFileReference; lastKnownFileType = sourcecode.swift; path = StoryTableViewCell.swift; sourceTree = "<group>"; };
		B1570D9C2B403ED70041BAFC /* StoryCollectionViewCell.swift */ = {isa = PBXFileReference; lastKnownFileType = sourcecode.swift; path = StoryCollectionViewCell.swift; sourceTree = "<group>"; };
		B1891F682B4C136600ADB367 /* stories.json */ = {isa = PBXFileReference; lastKnownFileType = text.json; path = stories.json; sourceTree = "<group>"; };
		B1891F6A2B4C154500ADB367 /* Story.swift */ = {isa = PBXFileReference; lastKnownFileType = sourcecode.swift; path = Story.swift; sourceTree = "<group>"; };
/* End PBXFileReference section */

/* Begin PBXFrameworksBuildPhase section */
		B15092DB2B36E5C3000EF461 /* Frameworks */ = {
			isa = PBXFrameworksBuildPhase;
			buildActionMask = 2147483647;
			files = (
			);
			runOnlyForDeploymentPostprocessing = 0;
		};
/* End PBXFrameworksBuildPhase section */

/* Begin PBXGroup section */
		B15092D52B36E5C3000EF461 = {
			isa = PBXGroup;
			children = (
				B15092E02B36E5C3000EF461 /* Instagram Clone */,
				B15092DF2B36E5C3000EF461 /* Products */,
			);
			sourceTree = "<group>";
		};
		B15092DF2B36E5C3000EF461 /* Products */ = {
			isa = PBXGroup;
			children = (
				B15092DE2B36E5C3000EF461 /* Instagram Clone.app */,
			);
			name = Products;
			sourceTree = "<group>";
		};
		B15092E02B36E5C3000EF461 /* Instagram Clone */ = {
			isa = PBXGroup;
			children = (
				B15092E12B36E5C3000EF461 /* AppDelegate.swift */,
				B15092E52B36E5C3000EF461 /* SplashViewController.swift */,
				B15092FB2B38B897000EF461 /* Login */,
				B1570D532B3AF59D0041BAFC /* Home */,
				B15092E72B36E5C3000EF461 /* Main.storyboard */,
				B15092EA2B36E5C5000EF461 /* Assets.xcassets */,
				B15092EC2B36E5C5000EF461 /* LaunchScreen.storyboard */,
				B15092EF2B36E5C5000EF461 /* Info.plist */,
			);
			path = "Instagram Clone";
			sourceTree = "<group>";
		};
		B15092FB2B38B897000EF461 /* Login */ = {
			isa = PBXGroup;
			children = (
				B15092FD2B38B954000EF461 /* View */,
			);
			path = Login;
			sourceTree = "<group>";
		};
		B15092FD2B38B954000EF461 /* View */ = {
			isa = PBXGroup;
			children = (
				B15092F92B38B84E000EF461 /* LoginViewController.swift */,
			);
			path = View;
			sourceTree = "<group>";
		};
		B1570D532B3AF59D0041BAFC /* Home */ = {
			isa = PBXGroup;
			children = (
				B1570D812B3DA11E0041BAFC /* ViewModel */,
				B1570D7E2B3D92CA0041BAFC /* Model */,
				B1570D542B3AF5A80041BAFC /* View */,
			);
			path = Home;
			sourceTree = "<group>";
		};
		B1570D542B3AF5A80041BAFC /* View */ = {
			isa = PBXGroup;
			children = (
				B1570D712B3B41AB0041BAFC /* Cell */,
				B1570D552B3AF5BB0041BAFC /* HomeViewController.swift */,
			);
			path = View;
			sourceTree = "<group>";
		};
		B1570D712B3B41AB0041BAFC /* Cell */ = {
			isa = PBXGroup;
			children = (
				B1570D762B3B49AE0041BAFC /* PostTableViewCell.swift */,
				B1570D9A2B4038B90041BAFC /* StoryTableViewCell.swift */,
				B1570D9C2B403ED70041BAFC /* StoryCollectionViewCell.swift */,
				B1570D772B3B49AE0041BAFC /* PostTableViewCell.xib */,
				B1570D862B3EF4200041BAFC /* MediaView.swift */,
			);
			path = Cell;
			sourceTree = "<group>";
		};
		B1570D7E2B3D92CA0041BAFC /* Model */ = {
			isa = PBXGroup;
			children = (
				B1570D7F2B3D93000041BAFC /* Post.swift */,
				B1891F6A2B4C154500ADB367 /* Story.swift */,
			);
			path = Model;
			sourceTree = "<group>";
		};
		B1570D812B3DA11E0041BAFC /* ViewModel */ = {
			isa = PBXGroup;
			children = (
				B1570D822B3DA1310041BAFC /* HomeViewModel.swift */,
				B1570D842B3DA20A0041BAFC /* posts.json */,
				B1891F682B4C136600ADB367 /* stories.json */,
			);
			path = ViewModel;
			sourceTree = "<group>";
		};
/* End PBXGroup section */

/* Begin PBXNativeTarget section */
		B15092DD2B36E5C3000EF461 /* Instagram Clone */ = {
			isa = PBXNativeTarget;
			buildConfigurationList = B15092F22B36E5C5000EF461 /* Build configuration list for PBXNativeTarget "Instagram Clone" */;
			buildPhases = (
				B15092DA2B36E5C3000EF461 /* Sources */,
				B15092DB2B36E5C3000EF461 /* Frameworks */,
				B15092DC2B36E5C3000EF461 /* Resources */,
			);
			buildRules = (
			);
			dependencies = (
			);
			name = "Instagram Clone";
			productName = "Instagram Clone";
			productReference = B15092DE2B36E5C3000EF461 /* Instagram Clone.app */;
			productType = "com.apple.product-type.application";
		};
/* End PBXNativeTarget section */

/* Begin PBXProject section */
		B15092D62B36E5C3000EF461 /* Project object */ = {
			isa = PBXProject;
			attributes = {
				BuildIndependentTargetsInParallel = 1;
				LastSwiftUpdateCheck = 1500;
				LastUpgradeCheck = 1500;
				TargetAttributes = {
					B15092DD2B36E5C3000EF461 = {
						CreatedOnToolsVersion = 15.0.1;
					};
				};
			};
			buildConfigurationList = B15092D92B36E5C3000EF461 /* Build configuration list for PBXProject "Instagram Clone" */;
			compatibilityVersion = "Xcode 14.0";
			developmentRegion = en;
			hasScannedForEncodings = 0;
			knownRegions = (
				en,
				Base,
			);
			mainGroup = B15092D52B36E5C3000EF461;
			productRefGroup = B15092DF2B36E5C3000EF461 /* Products */;
			projectDirPath = "";
			projectRoot = "";
			targets = (
				B15092DD2B36E5C3000EF461 /* Instagram Clone */,
			);
		};
/* End PBXProject section */

/* Begin PBXResourcesBuildPhase section */
		B15092DC2B36E5C3000EF461 /* Resources */ = {
			isa = PBXResourcesBuildPhase;
			buildActionMask = 2147483647;
			files = (
				B15092EE2B36E5C5000EF461 /* LaunchScreen.storyboard in Resources */,
				B15092EB2B36E5C5000EF461 /* Assets.xcassets in Resources */,
				B1570D852B3DA20B0041BAFC /* posts.json in Resources */,
				B1891F692B4C136600ADB367 /* stories.json in Resources */,
				B15092E92B36E5C3000EF461 /* Main.storyboard in Resources */,
				B1570D792B3B49AE0041BAFC /* PostTableViewCell.xib in Resources */,
			);
			runOnlyForDeploymentPostprocessing = 0;
		};
/* End PBXResourcesBuildPhase section */

/* Begin PBXSourcesBuildPhase section */
		B15092DA2B36E5C3000EF461 /* Sources */ = {
			isa = PBXSourcesBuildPhase;
			buildActionMask = 2147483647;
			files = (
				B1570D9D2B403ED70041BAFC /* StoryCollectionViewCell.swift in Sources */,
				B15092FA2B38B84E000EF461 /* LoginViewController.swift in Sources */,
				B15092E62B36E5C3000EF461 /* SplashViewController.swift in Sources */,
				B1570D9B2B4038B90041BAFC /* StoryTableViewCell.swift in Sources */,
				B1570D832B3DA1310041BAFC /* HomeViewModel.swift in Sources */,
				B1570D782B3B49AE0041BAFC /* PostTableViewCell.swift in Sources */,
				B1570D802B3D93000041BAFC /* Post.swift in Sources */,
				B1570D872B3EF4200041BAFC /* MediaView.swift in Sources */,
				B15092E22B36E5C3000EF461 /* AppDelegate.swift in Sources */,
				B1570D562B3AF5BB0041BAFC /* HomeViewController.swift in Sources */,
				B1891F6B2B4C154500ADB367 /* Story.swift in Sources */,
			);
			runOnlyForDeploymentPostprocessing = 0;
		};
/* End PBXSourcesBuildPhase section */

/* Begin PBXVariantGroup section */
		B15092E72B36E5C3000EF461 /* Main.storyboard */ = {
			isa = PBXVariantGroup;
			children = (
				B15092E82B36E5C3000EF461 /* Base */,
			);
			name = Main.storyboard;
			sourceTree = "<group>";
		};
		B15092EC2B36E5C5000EF461 /* LaunchScreen.storyboard */ = {
			isa = PBXVariantGroup;
			children = (
				B15092ED2B36E5C5000EF461 /* Base */,
			);
			name = LaunchScreen.storyboard;
			sourceTree = "<group>";
		};
/* End PBXVariantGroup section */

/* Begin XCBuildConfiguration section */
		B15092F02B36E5C5000EF461 /* Debug */ = {
			isa = XCBuildConfiguration;
			buildSettings = {
				ALWAYS_SEARCH_USER_PATHS = NO;
				ASSETCATALOG_COMPILER_GENERATE_SWIFT_ASSET_SYMBOL_EXTENSIONS = YES;
				CLANG_ANALYZER_NONNULL = YES;
				CLANG_ANALYZER_NUMBER_OBJECT_CONVERSION = YES_AGGRESSIVE;
				CLANG_CXX_LANGUAGE_STANDARD = "gnu++20";
				CLANG_ENABLE_MODULES = YES;
				CLANG_ENABLE_OBJC_ARC = YES;
				CLANG_ENABLE_OBJC_WEAK = YES;
				CLANG_WARN_BLOCK_CAPTURE_AUTORELEASING = YES;
				CLANG_WARN_BOOL_CONVERSION = YES;
				CLANG_WARN_COMMA = YES;
				CLANG_WARN_CONSTANT_CONVERSION = YES;
				CLANG_WARN_DEPRECATED_OBJC_IMPLEMENTATIONS = YES;
				CLANG_WARN_DIRECT_OBJC_ISA_USAGE = YES_ERROR;
				CLANG_WARN_DOCUMENTATION_COMMENTS = YES;
				CLANG_WARN_EMPTY_BODY = YES;
				CLANG_WARN_ENUM_CONVERSION = YES;
				CLANG_WARN_INFINITE_RECURSION = YES;
				CLANG_WARN_INT_CONVERSION = YES;
				CLANG_WARN_NON_LITERAL_NULL_CONVERSION = YES;
				CLANG_WARN_OBJC_IMPLICIT_RETAIN_SELF = YES;
				CLANG_WARN_OBJC_LITERAL_CONVERSION = YES;
				CLANG_WARN_OBJC_ROOT_CLASS = YES_ERROR;
				CLANG_WARN_QUOTED_INCLUDE_IN_FRAMEWORK_HEADER = YES;
				CLANG_WARN_RANGE_LOOP_ANALYSIS = YES;
				CLANG_WARN_STRICT_PROTOTYPES = YES;
				CLANG_WARN_SUSPICIOUS_MOVE = YES;
				CLANG_WARN_UNGUARDED_AVAILABILITY = YES_AGGRESSIVE;
				CLANG_WARN_UNREACHABLE_CODE = YES;
				CLANG_WARN__DUPLICATE_METHOD_MATCH = YES;
				COPY_PHASE_STRIP = NO;
				DEBUG_INFORMATION_FORMAT = dwarf;
				ENABLE_STRICT_OBJC_MSGSEND = YES;
				ENABLE_TESTABILITY = YES;
				ENABLE_USER_SCRIPT_SANDBOXING = YES;
				GCC_C_LANGUAGE_STANDARD = gnu17;
				GCC_DYNAMIC_NO_PIC = NO;
				GCC_NO_COMMON_BLOCKS = YES;
				GCC_OPTIMIZATION_LEVEL = 0;
				GCC_PREPROCESSOR_DEFINITIONS = (
					"DEBUG=1",
					"$(inherited)",
				);
				GCC_WARN_64_TO_32_BIT_CONVERSION = YES;
				GCC_WARN_ABOUT_RETURN_TYPE = YES_ERROR;
				GCC_WARN_UNDECLARED_SELECTOR = YES;
				GCC_WARN_UNINITIALIZED_AUTOS = YES_AGGRESSIVE;
				GCC_WARN_UNUSED_FUNCTION = YES;
				GCC_WARN_UNUSED_VARIABLE = YES;
				IPHONEOS_DEPLOYMENT_TARGET = 17.0;
				LOCALIZATION_PREFERS_STRING_CATALOGS = YES;
				MTL_ENABLE_DEBUG_INFO = INCLUDE_SOURCE;
				MTL_FAST_MATH = YES;
				ONLY_ACTIVE_ARCH = YES;
				SDKROOT = iphoneos;
				SWIFT_ACTIVE_COMPILATION_CONDITIONS = "DEBUG $(inherited)";
				SWIFT_OPTIMIZATION_LEVEL = "-Onone";
			};
			name = Debug;
		};
		B15092F12B36E5C5000EF461 /* Release */ = {
			isa = XCBuildConfiguration;
			buildSettings = {
				ALWAYS_SEARCH_USER_PATHS = NO;
				ASSETCATALOG_COMPILER_GENERATE_SWIFT_ASSET_SYMBOL_EXTENSIONS = YES;
				CLANG_ANALYZER_NONNULL = YES;
				CLANG_ANALYZER_NUMBER_OBJECT_CONVERSION = YES_AGGRESSIVE;
				CLANG_CXX_LANGUAGE_STANDARD = "gnu++20";
				CLANG_ENABLE_MODULES = YES;
				CLANG_ENABLE_OBJC_ARC = YES;
				CLANG_ENABLE_OBJC_WEAK = YES;
				CLANG_WARN_BLOCK_CAPTURE_AUTORELEASING = YES;
				CLANG_WARN_BOOL_CONVERSION = YES;
				CLANG_WARN_COMMA = YES;
				CLANG_WARN_CONSTANT_CONVERSION = YES;
				CLANG_WARN_DEPRECATED_OBJC_IMPLEMENTATIONS = YES;
				CLANG_WARN_DIRECT_OBJC_ISA_USAGE = YES_ERROR;
				CLANG_WARN_DOCUMENTATION_COMMENTS = YES;
				CLANG_WARN_EMPTY_BODY = YES;
				CLANG_WARN_ENUM_CONVERSION = YES;
				CLANG_WARN_INFINITE_RECURSION = YES;
				CLANG_WARN_INT_CONVERSION = YES;
				CLANG_WARN_NON_LITERAL_NULL_CONVERSION = YES;
				CLANG_WARN_OBJC_IMPLICIT_RETAIN_SELF = YES;
				CLANG_WARN_OBJC_LITERAL_CONVERSION = YES;
				CLANG_WARN_OBJC_ROOT_CLASS = YES_ERROR;
				CLANG_WARN_QUOTED_INCLUDE_IN_FRAMEWORK_HEADER = YES;
				CLANG_WARN_RANGE_LOOP_ANALYSIS = YES;
				CLANG_WARN_STRICT_PROTOTYPES = YES;
				CLANG_WARN_SUSPICIOUS_MOVE = YES;
				CLANG_WARN_UNGUARDED_AVAILABILITY = YES_AGGRESSIVE;
				CLANG_WARN_UNREACHABLE_CODE = YES;
				CLANG_WARN__DUPLICATE_METHOD_MATCH = YES;
				COPY_PHASE_STRIP = NO;
				DEBUG_INFORMATION_FORMAT = "dwarf-with-dsym";
				ENABLE_NS_ASSERTIONS = NO;
				ENABLE_STRICT_OBJC_MSGSEND = YES;
				ENABLE_USER_SCRIPT_SANDBOXING = YES;
				GCC_C_LANGUAGE_STANDARD = gnu17;
				GCC_NO_COMMON_BLOCKS = YES;
				GCC_WARN_64_TO_32_BIT_CONVERSION = YES;
				GCC_WARN_ABOUT_RETURN_TYPE = YES_ERROR;
				GCC_WARN_UNDECLARED_SELECTOR = YES;
				GCC_WARN_UNINITIALIZED_AUTOS = YES_AGGRESSIVE;
				GCC_WARN_UNUSED_FUNCTION = YES;
				GCC_WARN_UNUSED_VARIABLE = YES;
				IPHONEOS_DEPLOYMENT_TARGET = 17.0;
				LOCALIZATION_PREFERS_STRING_CATALOGS = YES;
				MTL_ENABLE_DEBUG_INFO = NO;
				MTL_FAST_MATH = YES;
				SDKROOT = iphoneos;
				SWIFT_COMPILATION_MODE = wholemodule;
				VALIDATE_PRODUCT = YES;
			};
			name = Release;
		};
		B15092F32B36E5C5000EF461 /* Debug */ = {
			isa = XCBuildConfiguration;
			buildSettings = {
				ASSETCATALOG_COMPILER_APPICON_NAME = AppIcon;
				ASSETCATALOG_COMPILER_GLOBAL_ACCENT_COLOR_NAME = AccentColor;
				CODE_SIGN_STYLE = Automatic;
				CURRENT_PROJECT_VERSION = 1;
				DEVELOPMENT_TEAM = 59UUY3K38Y;
				GENERATE_INFOPLIST_FILE = YES;
				INFOPLIST_FILE = "Instagram Clone/Info.plist";
				INFOPLIST_KEY_UIApplicationSupportsIndirectInputEvents = YES;
				INFOPLIST_KEY_UILaunchStoryboardName = LaunchScreen;
				INFOPLIST_KEY_UIMainStoryboardFile = Main;
				INFOPLIST_KEY_UISupportedInterfaceOrientations_iPad = "UIInterfaceOrientationPortrait UIInterfaceOrientationPortraitUpsideDown UIInterfaceOrientationLandscapeLeft UIInterfaceOrientationLandscapeRight";
				INFOPLIST_KEY_UISupportedInterfaceOrientations_iPhone = "UIInterfaceOrientationPortrait UIInterfaceOrientationLandscapeLeft UIInterfaceOrientationLandscapeRight";
				IPHONEOS_DEPLOYMENT_TARGET = 15.0;
				LD_RUNPATH_SEARCH_PATHS = (
					"$(inherited)",
					"@executable_path/Frameworks",
				);
				MARKETING_VERSION = 1.0;
				PRODUCT_BUNDLE_IDENTIFIER = "com.kaushik.Instagram-Clone";
				PRODUCT_NAME = "$(TARGET_NAME)";
				SWIFT_EMIT_LOC_STRINGS = YES;
				SWIFT_VERSION = 5.0;
				TARGETED_DEVICE_FAMILY = "1,2";
			};
			name = Debug;
		};
		B15092F42B36E5C5000EF461 /* Release */ = {
			isa = XCBuildConfiguration;
			buildSettings = {
				ASSETCATALOG_COMPILER_APPICON_NAME = AppIcon;
				ASSETCATALOG_COMPILER_GLOBAL_ACCENT_COLOR_NAME = AccentColor;
				CODE_SIGN_STYLE = Automatic;
				CURRENT_PROJECT_VERSION = 1;
				DEVELOPMENT_TEAM = 59UUY3K38Y;
				GENERATE_INFOPLIST_FILE = YES;
				INFOPLIST_FILE = "Instagram Clone/Info.plist";
				INFOPLIST_KEY_UIApplicationSupportsIndirectInputEvents = YES;
				INFOPLIST_KEY_UILaunchStoryboardName = LaunchScreen;
				INFOPLIST_KEY_UIMainStoryboardFile = Main;
				INFOPLIST_KEY_UISupportedInterfaceOrientations_iPad = "UIInterfaceOrientationPortrait UIInterfaceOrientationPortraitUpsideDown UIInterfaceOrientationLandscapeLeft UIInterfaceOrientationLandscapeRight";
				INFOPLIST_KEY_UISupportedInterfaceOrientations_iPhone = "UIInterfaceOrientationPortrait UIInterfaceOrientationLandscapeLeft UIInterfaceOrientationLandscapeRight";
				IPHONEOS_DEPLOYMENT_TARGET = 15.0;
				LD_RUNPATH_SEARCH_PATHS = (
					"$(inherited)",
					"@executable_path/Frameworks",
				);
				MARKETING_VERSION = 1.0;
				PRODUCT_BUNDLE_IDENTIFIER = "com.kaushik.Instagram-Clone";
				PRODUCT_NAME = "$(TARGET_NAME)";
				SWIFT_EMIT_LOC_STRINGS = YES;
				SWIFT_VERSION = 5.0;
				TARGETED_DEVICE_FAMILY = "1,2";
			};
			name = Release;
		};
/* End XCBuildConfiguration section */

/* Begin XCConfigurationList section */
		B15092D92B36E5C3000EF461 /* Build configuration list for PBXProject "Instagram Clone" */ = {
			isa = XCConfigurationList;
			buildConfigurations = (
				B15092F02B36E5C5000EF461 /* Debug */,
				B15092F12B36E5C5000EF461 /* Release */,
			);
			defaultConfigurationIsVisible = 0;
			defaultConfigurationName = Release;
		};
		B15092F22B36E5C5000EF461 /* Build configuration list for PBXNativeTarget "Instagram Clone" */ = {
			isa = XCConfigurationList;
			buildConfigurations = (
				B15092F32B36E5C5000EF461 /* Debug */,
				B15092F42B36E5C5000EF461 /* Release */,
			);
			defaultConfigurationIsVisible = 0;
			defaultConfigurationName = Release;
		};
/* End XCConfigurationList section */
	};
	rootObject = B15092D62B36E5C3000EF461 /* Project object */;
}
